// !$*UTF8*$!
{
	archiveVersion = 1;
	classes = {
	};
	objectVersion = 50;
	objects = {

/* Begin PBXBuildFile section */
		262628BE20CA3C1000EE9F0D /* CreateController.swift in Sources */ = {isa = PBXBuildFile; fileRef = 262628BD20CA3C1000EE9F0D /* CreateController.swift */; };
		262628C020CA3E2900EE9F0D /* LobbyController.swift in Sources */ = {isa = PBXBuildFile; fileRef = 262628BF20CA3E2900EE9F0D /* LobbyController.swift */; };
		2630DBF920CDE02200C81101 /* SocketHelper.swift in Sources */ = {isa = PBXBuildFile; fileRef = 2630DBF820CDE02200C81101 /* SocketHelper.swift */; };
		2630DBFB20CDE3D300C81101 /* Message.swift in Sources */ = {isa = PBXBuildFile; fileRef = 2630DBFA20CDE3D300C81101 /* Message.swift */; };
		2661D5C420CA0877003A6A02 /* JoinController.swift in Sources */ = {isa = PBXBuildFile; fileRef = 2661D5C320CA0877003A6A02 /* JoinController.swift */; };
		2661D5C620CA1577003A6A02 /* HomeViewButton.swift in Sources */ = {isa = PBXBuildFile; fileRef = 2661D5C520CA1577003A6A02 /* HomeViewButton.swift */; };
		2662277820CC7B2300217901 /* ChatMessageCell.swift in Sources */ = {isa = PBXBuildFile; fileRef = 2662277720CC7B2300217901 /* ChatMessageCell.swift */; };
		2667CED020CC40E80048536C /* MagicalMystery.ttf in Resources */ = {isa = PBXBuildFile; fileRef = 2667CECF20CC40E00048536C /* MagicalMystery.ttf */; };
		2667CED220CC4C2F0048536C /* LobbyCell.swift in Sources */ = {isa = PBXBuildFile; fileRef = 2667CED120CC4C2F0048536C /* LobbyCell.swift */; };
		2667CED420CC56240048536C /* GameController.swift in Sources */ = {isa = PBXBuildFile; fileRef = 2667CED320CC56240048536C /* GameController.swift */; };
		268E18A720C9D758003190BD /* Extensions.swift in Sources */ = {isa = PBXBuildFile; fileRef = 268E18A620C9D758003190BD /* Extensions.swift */; };
		268E18AB20C9DFF8003190BD /* HomeView.swift in Sources */ = {isa = PBXBuildFile; fileRef = 268E18AA20C9DFF8003190BD /* HomeView.swift */; };
		268E18AD20C9E023003190BD /* BaseView.swift in Sources */ = {isa = PBXBuildFile; fileRef = 268E18AC20C9E022003190BD /* BaseView.swift */; };
		26A5F24120CF324F005E2280 /* ChatViewCell.swift in Sources */ = {isa = PBXBuildFile; fileRef = 26A5F24020CF324F005E2280 /* ChatViewCell.swift */; };
		26A5F24320D0637C005E2280 /* BackgroundCell.swift in Sources */ = {isa = PBXBuildFile; fileRef = 26A5F24220D0637C005E2280 /* BackgroundCell.swift */; };
		26DF84FF20AFBD8D0058F003 /* AppDelegate.swift in Sources */ = {isa = PBXBuildFile; fileRef = 26DF84FE20AFBD8D0058F003 /* AppDelegate.swift */; };
		26DF850120AFBD8D0058F003 /* HomeController.swift in Sources */ = {isa = PBXBuildFile; fileRef = 26DF850020AFBD8D0058F003 /* HomeController.swift */; };
		26DF850420AFBD8D0058F003 /* Main.storyboard in Resources */ = {isa = PBXBuildFile; fileRef = 26DF850220AFBD8D0058F003 /* Main.storyboard */; };
		26DF850620AFBD8F0058F003 /* Assets.xcassets in Resources */ = {isa = PBXBuildFile; fileRef = 26DF850520AFBD8F0058F003 /* Assets.xcassets */; };
		26DF850920AFBD8F0058F003 /* LaunchScreen.storyboard in Resources */ = {isa = PBXBuildFile; fileRef = 26DF850720AFBD8F0058F003 /* LaunchScreen.storyboard */; };
		8E3FA2725357C00F69ADF5D1 /* Pods_Mafia.framework in Frameworks */ = {isa = PBXBuildFile; fileRef = 9139689DE0E92035E7879447 /* Pods_Mafia.framework */; };
/* End PBXBuildFile section */

/* Begin PBXFileReference section */
		20BBEEC094D59464D554E27D /* Pods-Mafia.release.xcconfig */ = {isa = PBXFileReference; includeInIndex = 1; lastKnownFileType = text.xcconfig; name = "Pods-Mafia.release.xcconfig"; path = "Pods/Target Support Files/Pods-Mafia/Pods-Mafia.release.xcconfig"; sourceTree = "<group>"; };
		262628BD20CA3C1000EE9F0D /* CreateController.swift */ = {isa = PBXFileReference; lastKnownFileType = sourcecode.swift; path = CreateController.swift; sourceTree = "<group>"; };
		262628BF20CA3E2900EE9F0D /* LobbyController.swift */ = {isa = PBXFileReference; lastKnownFileType = sourcecode.swift; path = LobbyController.swift; sourceTree = "<group>"; };
		2630DBF820CDE02200C81101 /* SocketHelper.swift */ = {isa = PBXFileReference; lastKnownFileType = sourcecode.swift; path = SocketHelper.swift; sourceTree = "<group>"; };
		2630DBFA20CDE3D300C81101 /* Message.swift */ = {isa = PBXFileReference; lastKnownFileType = sourcecode.swift; path = Message.swift; sourceTree = "<group>"; };
		2661D5C320CA0877003A6A02 /* JoinController.swift */ = {isa = PBXFileReference; lastKnownFileType = sourcecode.swift; path = JoinController.swift; sourceTree = "<group>"; };
		2661D5C520CA1577003A6A02 /* HomeViewButton.swift */ = {isa = PBXFileReference; lastKnownFileType = sourcecode.swift; path = HomeViewButton.swift; sourceTree = "<group>"; };
		2662277720CC7B2300217901 /* ChatMessageCell.swift */ = {isa = PBXFileReference; lastKnownFileType = sourcecode.swift; path = ChatMessageCell.swift; sourceTree = "<group>"; };
		2667CECF20CC40E00048536C /* MagicalMystery.ttf */ = {isa = PBXFileReference; lastKnownFileType = file; name = MagicalMystery.ttf; path = Assets.xcassets/MagicalMystery.ttf; sourceTree = "<group>"; };
		2667CED120CC4C2F0048536C /* LobbyCell.swift */ = {isa = PBXFileReference; lastKnownFileType = sourcecode.swift; path = LobbyCell.swift; sourceTree = "<group>"; };
		2667CED320CC56240048536C /* GameController.swift */ = {isa = PBXFileReference; lastKnownFileType = sourcecode.swift; path = GameController.swift; sourceTree = "<group>"; };
		268E18A620C9D758003190BD /* Extensions.swift */ = {isa = PBXFileReference; lastKnownFileType = sourcecode.swift; path = Extensions.swift; sourceTree = "<group>"; };
		268E18AA20C9DFF8003190BD /* HomeView.swift */ = {isa = PBXFileReference; lastKnownFileType = sourcecode.swift; path = HomeView.swift; sourceTree = "<group>"; };
		268E18AC20C9E022003190BD /* BaseView.swift */ = {isa = PBXFileReference; lastKnownFileType = sourcecode.swift; path = BaseView.swift; sourceTree = "<group>"; };
		26A5F24020CF324F005E2280 /* ChatViewCell.swift */ = {isa = PBXFileReference; lastKnownFileType = sourcecode.swift; path = ChatViewCell.swift; sourceTree = "<group>"; };
		26A5F24220D0637C005E2280 /* BackgroundCell.swift */ = {isa = PBXFileReference; lastKnownFileType = sourcecode.swift; path = BackgroundCell.swift; sourceTree = "<group>"; };
		26DF84FB20AFBD8D0058F003 /* Mafia.app */ = {isa = PBXFileReference; explicitFileType = wrapper.application; includeInIndex = 0; path = Mafia.app; sourceTree = BUILT_PRODUCTS_DIR; };
		26DF84FE20AFBD8D0058F003 /* AppDelegate.swift */ = {isa = PBXFileReference; lastKnownFileType = sourcecode.swift; path = AppDelegate.swift; sourceTree = "<group>"; };
		26DF850020AFBD8D0058F003 /* HomeController.swift */ = {isa = PBXFileReference; lastKnownFileType = sourcecode.swift; path = HomeController.swift; sourceTree = "<group>"; };
		26DF850320AFBD8D0058F003 /* Base */ = {isa = PBXFileReference; lastKnownFileType = file.storyboard; name = Base; path = Base.lproj/Main.storyboard; sourceTree = "<group>"; };
		26DF850520AFBD8F0058F003 /* Assets.xcassets */ = {isa = PBXFileReference; lastKnownFileType = folder.assetcatalog; path = Assets.xcassets; sourceTree = "<group>"; };
		26DF850820AFBD8F0058F003 /* Base */ = {isa = PBXFileReference; lastKnownFileType = file.storyboard; name = Base; path = Base.lproj/LaunchScreen.storyboard; sourceTree = "<group>"; };
		26DF850A20AFBD8F0058F003 /* Info.plist */ = {isa = PBXFileReference; lastKnownFileType = text.plist.xml; path = Info.plist; sourceTree = "<group>"; };
		9139689DE0E92035E7879447 /* Pods_Mafia.framework */ = {isa = PBXFileReference; explicitFileType = wrapper.framework; includeInIndex = 0; path = Pods_Mafia.framework; sourceTree = BUILT_PRODUCTS_DIR; };
		DCD5FCA9F64CB3C82525A372 /* Pods-Mafia.debug.xcconfig */ = {isa = PBXFileReference; includeInIndex = 1; lastKnownFileType = text.xcconfig; name = "Pods-Mafia.debug.xcconfig"; path = "Pods/Target Support Files/Pods-Mafia/Pods-Mafia.debug.xcconfig"; sourceTree = "<group>"; };
/* End PBXFileReference section */

/* Begin PBXFrameworksBuildPhase section */
		26DF84F820AFBD8D0058F003 /* Frameworks */ = {
			isa = PBXFrameworksBuildPhase;
			buildActionMask = 2147483647;
			files = (
				8E3FA2725357C00F69ADF5D1 /* Pods_Mafia.framework in Frameworks */,
			);
			runOnlyForDeploymentPostprocessing = 0;
		};
/* End PBXFrameworksBuildPhase section */

/* Begin PBXGroup section */
		26DF84F220AFBD8D0058F003 = {
			isa = PBXGroup;
			children = (
				26DF84FD20AFBD8D0058F003 /* Mafia */,
				26DF84FC20AFBD8D0058F003 /* Products */,
				5C1597AAEE56F1830D6C4B75 /* Pods */,
				CB4D75A6C839DD7AD63D2D29 /* Frameworks */,
			);
			sourceTree = "<group>";
		};
		26DF84FC20AFBD8D0058F003 /* Products */ = {
			isa = PBXGroup;
			children = (
				26DF84FB20AFBD8D0058F003 /* Mafia.app */,
			);
			name = Products;
			sourceTree = "<group>";
		};
		26DF84FD20AFBD8D0058F003 /* Mafia */ = {
			isa = PBXGroup;
			children = (
				26DF851020AFBD990058F003 /* Supporting Files */,
				26DF84FE20AFBD8D0058F003 /* AppDelegate.swift */,
				26DF851120AFBDE00058F003 /* Controller */,
				26DF851320AFBDF40058F003 /* View */,
				26DF851220AFBDEA0058F003 /* Model */,
				26DF850A20AFBD8F0058F003 /* Info.plist */,
			);
			path = Mafia;
			sourceTree = "<group>";
		};
		26DF851020AFBD990058F003 /* Supporting Files */ = {
			isa = PBXGroup;
			children = (
				2667CECF20CC40E00048536C /* MagicalMystery.ttf */,
				26DF850520AFBD8F0058F003 /* Assets.xcassets */,
				26DF850220AFBD8D0058F003 /* Main.storyboard */,
				26DF850720AFBD8F0058F003 /* LaunchScreen.storyboard */,
				268E18A620C9D758003190BD /* Extensions.swift */,
			);
			path = "Supporting Files";
			sourceTree = "<group>";
		};
		26DF851120AFBDE00058F003 /* Controller */ = {
			isa = PBXGroup;
			children = (
				26DF850020AFBD8D0058F003 /* HomeController.swift */,
				2661D5C320CA0877003A6A02 /* JoinController.swift */,
				262628BD20CA3C1000EE9F0D /* CreateController.swift */,
				262628BF20CA3E2900EE9F0D /* LobbyController.swift */,
				2667CED320CC56240048536C /* GameController.swift */,
			);
			path = Controller;
			sourceTree = "<group>";
		};
		26DF851220AFBDEA0058F003 /* Model */ = {
			isa = PBXGroup;
			children = (
				2630DBF820CDE02200C81101 /* SocketHelper.swift */,
				2630DBFA20CDE3D300C81101 /* Message.swift */,
			);
			path = Model;
			sourceTree = "<group>";
		};
		26DF851320AFBDF40058F003 /* View */ = {
			isa = PBXGroup;
			children = (
				268E18AA20C9DFF8003190BD /* HomeView.swift */,
				268E18AC20C9E022003190BD /* BaseView.swift */,
				2661D5C520CA1577003A6A02 /* HomeViewButton.swift */,
				2667CED120CC4C2F0048536C /* LobbyCell.swift */,
				2662277720CC7B2300217901 /* ChatMessageCell.swift */,
				26A5F24020CF324F005E2280 /* ChatViewCell.swift */,
				26A5F24220D0637C005E2280 /* BackgroundCell.swift */,
			);
			path = View;
			sourceTree = "<group>";
		};
		5C1597AAEE56F1830D6C4B75 /* Pods */ = {
			isa = PBXGroup;
			children = (
				DCD5FCA9F64CB3C82525A372 /* Pods-Mafia.debug.xcconfig */,
				20BBEEC094D59464D554E27D /* Pods-Mafia.release.xcconfig */,
			);
			name = Pods;
			sourceTree = "<group>";
		};
		CB4D75A6C839DD7AD63D2D29 /* Frameworks */ = {
			isa = PBXGroup;
			children = (
				9139689DE0E92035E7879447 /* Pods_Mafia.framework */,
			);
			name = Frameworks;
			sourceTree = "<group>";
		};
/* End PBXGroup section */

/* Begin PBXNativeTarget section */
		26DF84FA20AFBD8D0058F003 /* Mafia */ = {
			isa = PBXNativeTarget;
			buildConfigurationList = 26DF850D20AFBD8F0058F003 /* Build configuration list for PBXNativeTarget "Mafia" */;
			buildPhases = (
				B59D9CD13E9C1902014FC7D9 /* [CP] Check Pods Manifest.lock */,
				26DF84F720AFBD8D0058F003 /* Sources */,
				26DF84F820AFBD8D0058F003 /* Frameworks */,
				26DF84F920AFBD8D0058F003 /* Resources */,
				439BDB272EF1E58D67080233 /* [CP] Embed Pods Frameworks */,
			);
			buildRules = (
			);
			dependencies = (
			);
			name = Mafia;
			productName = Mafia;
			productReference = 26DF84FB20AFBD8D0058F003 /* Mafia.app */;
			productType = "com.apple.product-type.application";
		};
/* End PBXNativeTarget section */

/* Begin PBXProject section */
		26DF84F320AFBD8D0058F003 /* Project object */ = {
			isa = PBXProject;
			attributes = {
				LastSwiftUpdateCheck = 0930;
				LastUpgradeCheck = 0930;
				ORGANIZATIONNAME = "Eugene Lu";
				TargetAttributes = {
					26DF84FA20AFBD8D0058F003 = {
						CreatedOnToolsVersion = 9.3.1;
					};
				};
			};
			buildConfigurationList = 26DF84F620AFBD8D0058F003 /* Build configuration list for PBXProject "Mafia" */;
			compatibilityVersion = "Xcode 9.3";
			developmentRegion = en;
			hasScannedForEncodings = 0;
			knownRegions = (
				en,
				Base,
			);
			mainGroup = 26DF84F220AFBD8D0058F003;
			productRefGroup = 26DF84FC20AFBD8D0058F003 /* Products */;
			projectDirPath = "";
			projectRoot = "";
			targets = (
				26DF84FA20AFBD8D0058F003 /* Mafia */,
			);
		};
/* End PBXProject section */

/* Begin PBXResourcesBuildPhase section */
		26DF84F920AFBD8D0058F003 /* Resources */ = {
			isa = PBXResourcesBuildPhase;
			buildActionMask = 2147483647;
			files = (
				26DF850920AFBD8F0058F003 /* LaunchScreen.storyboard in Resources */,
				2667CED020CC40E80048536C /* MagicalMystery.ttf in Resources */,
				26DF850620AFBD8F0058F003 /* Assets.xcassets in Resources */,
				26DF850420AFBD8D0058F003 /* Main.storyboard in Resources */,
			);
			runOnlyForDeploymentPostprocessing = 0;
		};
/* End PBXResourcesBuildPhase section */

/* Begin PBXShellScriptBuildPhase section */
		439BDB272EF1E58D67080233 /* [CP] Embed Pods Frameworks */ = {
			isa = PBXShellScriptBuildPhase;
			buildActionMask = 2147483647;
			files = (
			);
			inputPaths = (
				"${SRCROOT}/Pods/Target Support Files/Pods-Mafia/Pods-Mafia-frameworks.sh",
				"${BUILT_PRODUCTS_DIR}/Alamofire/Alamofire.framework",
				"${BUILT_PRODUCTS_DIR}/Socket.IO-Client-Swift/SocketIO.framework",
				"${BUILT_PRODUCTS_DIR}/Starscream/Starscream.framework",
			);
			name = "[CP] Embed Pods Frameworks";
			outputPaths = (
				"${TARGET_BUILD_DIR}/${FRAMEWORKS_FOLDER_PATH}/Alamofire.framework",
				"${TARGET_BUILD_DIR}/${FRAMEWORKS_FOLDER_PATH}/SocketIO.framework",
				"${TARGET_BUILD_DIR}/${FRAMEWORKS_FOLDER_PATH}/Starscream.framework",
			);
			runOnlyForDeploymentPostprocessing = 0;
			shellPath = /bin/sh;
			shellScript = "\"${SRCROOT}/Pods/Target Support Files/Pods-Mafia/Pods-Mafia-frameworks.sh\"\n";
			showEnvVarsInLog = 0;
		};
		B59D9CD13E9C1902014FC7D9 /* [CP] Check Pods Manifest.lock */ = {
			isa = PBXShellScriptBuildPhase;
			buildActionMask = 2147483647;
			files = (
			);
			inputPaths = (
				"${PODS_PODFILE_DIR_PATH}/Podfile.lock",
				"${PODS_ROOT}/Manifest.lock",
			);
			name = "[CP] Check Pods Manifest.lock";
			outputPaths = (
				"$(DERIVED_FILE_DIR)/Pods-Mafia-checkManifestLockResult.txt",
			);
			runOnlyForDeploymentPostprocessing = 0;
			shellPath = /bin/sh;
			shellScript = "diff \"${PODS_PODFILE_DIR_PATH}/Podfile.lock\" \"${PODS_ROOT}/Manifest.lock\" > /dev/null\nif [ $? != 0 ] ; then\n    # print error to STDERR\n    echo \"error: The sandbox is not in sync with the Podfile.lock. Run 'pod install' or update your CocoaPods installation.\" >&2\n    exit 1\nfi\n# This output is used by Xcode 'outputs' to avoid re-running this script phase.\necho \"SUCCESS\" > \"${SCRIPT_OUTPUT_FILE_0}\"\n";
			showEnvVarsInLog = 0;
		};
/* End PBXShellScriptBuildPhase section */

/* Begin PBXSourcesBuildPhase section */
		26DF84F720AFBD8D0058F003 /* Sources */ = {
			isa = PBXSourcesBuildPhase;
			buildActionMask = 2147483647;
			files = (
				26DF850120AFBD8D0058F003 /* HomeController.swift in Sources */,
				262628BE20CA3C1000EE9F0D /* CreateController.swift in Sources */,
				2661D5C420CA0877003A6A02 /* JoinController.swift in Sources */,
				2630DBFB20CDE3D300C81101 /* Message.swift in Sources */,
				26A5F24120CF324F005E2280 /* ChatViewCell.swift in Sources */,
				2661D5C620CA1577003A6A02 /* HomeViewButton.swift in Sources */,
				2630DBF920CDE02200C81101 /* SocketHelper.swift in Sources */,
				2662277820CC7B2300217901 /* ChatMessageCell.swift in Sources */,
				2667CED220CC4C2F0048536C /* LobbyCell.swift in Sources */,
				262628C020CA3E2900EE9F0D /* LobbyController.swift in Sources */,
				268E18A720C9D758003190BD /* Extensions.swift in Sources */,
				268E18AD20C9E023003190BD /* BaseView.swift in Sources */,
				2667CED420CC56240048536C /* GameController.swift in Sources */,
				268E18AB20C9DFF8003190BD /* HomeView.swift in Sources */,
				26DF84FF20AFBD8D0058F003 /* AppDelegate.swift in Sources */,
				26A5F24320D0637C005E2280 /* BackgroundCell.swift in Sources */,
			);
			runOnlyForDeploymentPostprocessing = 0;
		};
/* End PBXSourcesBuildPhase section */

/* Begin PBXVariantGroup section */
		26DF850220AFBD8D0058F003 /* Main.storyboard */ = {
			isa = PBXVariantGroup;
			children = (
				26DF850320AFBD8D0058F003 /* Base */,
			);
			name = Main.storyboard;
			sourceTree = "<group>";
		};
		26DF850720AFBD8F0058F003 /* LaunchScreen.storyboard */ = {
			isa = PBXVariantGroup;
			children = (
				26DF850820AFBD8F0058F003 /* Base */,
			);
			name = LaunchScreen.storyboard;
			sourceTree = "<group>";
		};
/* End PBXVariantGroup section */

/* Begin XCBuildConfiguration section */
		26DF850B20AFBD8F0058F003 /* Debug */ = {
			isa = XCBuildConfiguration;
			buildSettings = {
				ALWAYS_SEARCH_USER_PATHS = NO;
				CLANG_ANALYZER_NONNULL = YES;
				CLANG_ANALYZER_NUMBER_OBJECT_CONVERSION = YES_AGGRESSIVE;
				CLANG_CXX_LANGUAGE_STANDARD = "gnu++14";
				CLANG_CXX_LIBRARY = "libc++";
				CLANG_ENABLE_MODULES = YES;
				CLANG_ENABLE_OBJC_ARC = YES;
				CLANG_ENABLE_OBJC_WEAK = YES;
				CLANG_WARN_BLOCK_CAPTURE_AUTORELEASING = YES;
				CLANG_WARN_BOOL_CONVERSION = YES;
				CLANG_WARN_COMMA = YES;
				CLANG_WARN_CONSTANT_CONVERSION = YES;
				CLANG_WARN_DEPRECATED_OBJC_IMPLEMENTATIONS = YES;
				CLANG_WARN_DIRECT_OBJC_ISA_USAGE = YES_ERROR;
				CLANG_WARN_DOCUMENTATION_COMMENTS = YES;
				CLANG_WARN_EMPTY_BODY = YES;
				CLANG_WARN_ENUM_CONVERSION = YES;
				CLANG_WARN_INFINITE_RECURSION = YES;
				CLANG_WARN_INT_CONVERSION = YES;
				CLANG_WARN_NON_LITERAL_NULL_CONVERSION = YES;
				CLANG_WARN_OBJC_IMPLICIT_RETAIN_SELF = YES;
				CLANG_WARN_OBJC_LITERAL_CONVERSION = YES;
				CLANG_WARN_OBJC_ROOT_CLASS = YES_ERROR;
				CLANG_WARN_RANGE_LOOP_ANALYSIS = YES;
				CLANG_WARN_STRICT_PROTOTYPES = YES;
				CLANG_WARN_SUSPICIOUS_MOVE = YES;
				CLANG_WARN_UNGUARDED_AVAILABILITY = YES_AGGRESSIVE;
				CLANG_WARN_UNREACHABLE_CODE = YES;
				CLANG_WARN__DUPLICATE_METHOD_MATCH = YES;
				CODE_SIGN_IDENTITY = "iPhone Developer";
				COPY_PHASE_STRIP = NO;
				DEBUG_INFORMATION_FORMAT = dwarf;
				ENABLE_STRICT_OBJC_MSGSEND = YES;
				ENABLE_TESTABILITY = YES;
				GCC_C_LANGUAGE_STANDARD = gnu11;
				GCC_DYNAMIC_NO_PIC = NO;
				GCC_NO_COMMON_BLOCKS = YES;
				GCC_OPTIMIZATION_LEVEL = 0;
				GCC_PREPROCESSOR_DEFINITIONS = (
					"DEBUG=1",
					"$(inherited)",
				);
				GCC_WARN_64_TO_32_BIT_CONVERSION = YES;
				GCC_WARN_ABOUT_RETURN_TYPE = YES_ERROR;
				GCC_WARN_UNDECLARED_SELECTOR = YES;
				GCC_WARN_UNINITIALIZED_AUTOS = YES_AGGRESSIVE;
				GCC_WARN_UNUSED_FUNCTION = YES;
				GCC_WARN_UNUSED_VARIABLE = YES;
				IPHONEOS_DEPLOYMENT_TARGET = 11.3;
				MTL_ENABLE_DEBUG_INFO = YES;
				ONLY_ACTIVE_ARCH = YES;
				SDKROOT = iphoneos;
				SWIFT_ACTIVE_COMPILATION_CONDITIONS = DEBUG;
				SWIFT_OPTIMIZATION_LEVEL = "-Onone";
			};
			name = Debug;
		};
		26DF850C20AFBD8F0058F003 /* Release */ = {
			isa = XCBuildConfiguration;
			buildSettings = {
				ALWAYS_SEARCH_USER_PATHS = NO;
				CLANG_ANALYZER_NONNULL = YES;
				CLANG_ANALYZER_NUMBER_OBJECT_CONVERSION = YES_AGGRESSIVE;
				CLANG_CXX_LANGUAGE_STANDARD = "gnu++14";
				CLANG_CXX_LIBRARY = "libc++";
				CLANG_ENABLE_MODULES = YES;
				CLANG_ENABLE_OBJC_ARC = YES;
				CLANG_ENABLE_OBJC_WEAK = YES;
				CLANG_WARN_BLOCK_CAPTURE_AUTORELEASING = YES;
				CLANG_WARN_BOOL_CONVERSION = YES;
				CLANG_WARN_COMMA = YES;
				CLANG_WARN_CONSTANT_CONVERSION = YES;
				CLANG_WARN_DEPRECATED_OBJC_IMPLEMENTATIONS = YES;
				CLANG_WARN_DIRECT_OBJC_ISA_USAGE = YES_ERROR;
				CLANG_WARN_DOCUMENTATION_COMMENTS = YES;
				CLANG_WARN_EMPTY_BODY = YES;
				CLANG_WARN_ENUM_CONVERSION = YES;
				CLANG_WARN_INFINITE_RECURSION = YES;
				CLANG_WARN_INT_CONVERSION = YES;
				CLANG_WARN_NON_LITERAL_NULL_CONVERSION = YES;
				CLANG_WARN_OBJC_IMPLICIT_RETAIN_SELF = YES;
				CLANG_WARN_OBJC_LITERAL_CONVERSION = YES;
				CLANG_WARN_OBJC_ROOT_CLASS = YES_ERROR;
				CLANG_WARN_RANGE_LOOP_ANALYSIS = YES;
				CLANG_WARN_STRICT_PROTOTYPES = YES;
				CLANG_WARN_SUSPICIOUS_MOVE = YES;
				CLANG_WARN_UNGUARDED_AVAILABILITY = YES_AGGRESSIVE;
				CLANG_WARN_UNREACHABLE_CODE = YES;
				CLANG_WARN__DUPLICATE_METHOD_MATCH = YES;
				CODE_SIGN_IDENTITY = "iPhone Developer";
				COPY_PHASE_STRIP = NO;
				DEBUG_INFORMATION_FORMAT = "dwarf-with-dsym";
				ENABLE_NS_ASSERTIONS = NO;
				ENABLE_STRICT_OBJC_MSGSEND = YES;
				GCC_C_LANGUAGE_STANDARD = gnu11;
				GCC_NO_COMMON_BLOCKS = YES;
				GCC_WARN_64_TO_32_BIT_CONVERSION = YES;
				GCC_WARN_ABOUT_RETURN_TYPE = YES_ERROR;
				GCC_WARN_UNDECLARED_SELECTOR = YES;
				GCC_WARN_UNINITIALIZED_AUTOS = YES_AGGRESSIVE;
				GCC_WARN_UNUSED_FUNCTION = YES;
				GCC_WARN_UNUSED_VARIABLE = YES;
				IPHONEOS_DEPLOYMENT_TARGET = 11.3;
				MTL_ENABLE_DEBUG_INFO = NO;
				SDKROOT = iphoneos;
				SWIFT_COMPILATION_MODE = wholemodule;
				SWIFT_OPTIMIZATION_LEVEL = "-O";
				VALIDATE_PRODUCT = YES;
			};
			name = Release;
		};
		26DF850E20AFBD8F0058F003 /* Debug */ = {
			isa = XCBuildConfiguration;
			baseConfigurationReference = DCD5FCA9F64CB3C82525A372 /* Pods-Mafia.debug.xcconfig */;
			buildSettings = {
				ASSETCATALOG_COMPILER_APPICON_NAME = AppIcon;
				CODE_SIGN_STYLE = Automatic;
				DEVELOPMENT_TEAM = UJ6RY8Y8CY;
				INFOPLIST_FILE = Mafia/Info.plist;
				LD_RUNPATH_SEARCH_PATHS = "$(inherited) @executable_path/Frameworks";
				PRODUCT_BUNDLE_IDENTIFIER = com.eugenelu.mafia.Mafia;
				PRODUCT_NAME = "$(TARGET_NAME)";
				SWIFT_VERSION = 4.0;
				TARGETED_DEVICE_FAMILY = 1;
			};
			name = Debug;
		};
		26DF850F20AFBD8F0058F003 /* Release */ = {
			isa = XCBuildConfiguration;
			baseConfigurationReference = 20BBEEC094D59464D554E27D /* Pods-Mafia.release.xcconfig */;
			buildSettings = {
				ASSETCATALOG_COMPILER_APPICON_NAME = AppIcon;
				CODE_SIGN_STYLE = Automatic;
				DEVELOPMENT_TEAM = UJ6RY8Y8CY;
				INFOPLIST_FILE = Mafia/Info.plist;
				LD_RUNPATH_SEARCH_PATHS = "$(inherited) @executable_path/Frameworks";
				PRODUCT_BUNDLE_IDENTIFIER = com.eugenelu.mafia.Mafia;
				PRODUCT_NAME = "$(TARGET_NAME)";
				SWIFT_VERSION = 4.0;
				TARGETED_DEVICE_FAMILY = 1;
			};
			name = Release;
		};
/* End XCBuildConfiguration section */

/* Begin XCConfigurationList section */
		26DF84F620AFBD8D0058F003 /* Build configuration list for PBXProject "Mafia" */ = {
			isa = XCConfigurationList;
			buildConfigurations = (
				26DF850B20AFBD8F0058F003 /* Debug */,
				26DF850C20AFBD8F0058F003 /* Release */,
			);
			defaultConfigurationIsVisible = 0;
			defaultConfigurationName = Release;
		};
		26DF850D20AFBD8F0058F003 /* Build configuration list for PBXNativeTarget "Mafia" */ = {
			isa = XCConfigurationList;
			buildConfigurations = (
				26DF850E20AFBD8F0058F003 /* Debug */,
				26DF850F20AFBD8F0058F003 /* Release */,
			);
			defaultConfigurationIsVisible = 0;
			defaultConfigurationName = Release;
		};
/* End XCConfigurationList section */
	};
	rootObject = 26DF84F320AFBD8D0058F003 /* Project object */;
}
